// !$*UTF8*$!
{
	archiveVersion = 1;
	classes = {
	};
	objectVersion = 50;
	objects = {

/* Begin PBXBuildFile section */
		2E6626299F480312168A6D97 /* Pods_WordWar.framework in Frameworks */ = {isa = PBXBuildFile; fileRef = C36738D78828CCDF7AB81985 /* Pods_WordWar.framework */; };
		A816E6032278D9DD00C87769 /* KelimeDenemeController.swift in Sources */ = {isa = PBXBuildFile; fileRef = A816E6022278D9DD00C87769 /* KelimeDenemeController.swift */; };
		A816E6052278DB9300C87769 /* KayitOlController.swift in Sources */ = {isa = PBXBuildFile; fileRef = A816E6042278DB9300C87769 /* KayitOlController.swift */; };
		A81ACF7222A1D5BC0058160B /* User.swift in Sources */ = {isa = PBXBuildFile; fileRef = A81ACF7122A1D5BC0058160B /* User.swift */; };
		A81AE61922AFBF41006EF142 /* SonucController.swift in Sources */ = {isa = PBXBuildFile; fileRef = A81AE61822AFBF41006EF142 /* SonucController.swift */; };
		A83267CA22A28ED30067DF88 /* UserBilgileriAl.swift in Sources */ = {isa = PBXBuildFile; fileRef = A83267C922A28ED30067DF88 /* UserBilgileriAl.swift */; };
		A83267CC22A29CC60067DF88 /* RakipAraniyorController.swift in Sources */ = {isa = PBXBuildFile; fileRef = A83267CB22A29CC60067DF88 /* RakipAraniyorController.swift */; };
		A83267CE22A2A3570067DF88 /* RakipBul.swift in Sources */ = {isa = PBXBuildFile; fileRef = A83267CD22A2A3570067DF88 /* RakipBul.swift */; };
		A83267D022A2A7F10067DF88 /* ArkadaslarController.swift in Sources */ = {isa = PBXBuildFile; fileRef = A83267CF22A2A7F10067DF88 /* ArkadaslarController.swift */; };
		A83267D222A2C2950067DF88 /* VersusController.swift in Sources */ = {isa = PBXBuildFile; fileRef = A83267D122A2C2950067DF88 /* VersusController.swift */; };
		A86AF0702278B2A900017719 /* AppDelegate.swift in Sources */ = {isa = PBXBuildFile; fileRef = A86AF06F2278B2A900017719 /* AppDelegate.swift */; };
		A86AF0722278B2A900017719 /* ViewController.swift in Sources */ = {isa = PBXBuildFile; fileRef = A86AF0712278B2A900017719 /* ViewController.swift */; };
		A86AF0752278B2AA00017719 /* Main.storyboard in Resources */ = {isa = PBXBuildFile; fileRef = A86AF0732278B2AA00017719 /* Main.storyboard */; };
		A86AF0772278B2AC00017719 /* Assets.xcassets in Resources */ = {isa = PBXBuildFile; fileRef = A86AF0762278B2AC00017719 /* Assets.xcassets */; };
		A86AF07A2278B2AC00017719 /* LaunchScreen.storyboard in Resources */ = {isa = PBXBuildFile; fileRef = A86AF0782278B2AC00017719 /* LaunchScreen.storyboard */; };
		A86AF0822278C15700017719 /* GoogleService-Info.plist in Resources */ = {isa = PBXBuildFile; fileRef = A86AF0812278C15700017719 /* GoogleService-Info.plist */; };
		A872BAEE22B14FB400726E45 /* KOSonucController.swift in Sources */ = {isa = PBXBuildFile; fileRef = A872BAED22B14FB400726E45 /* KOSonucController.swift */; };
		A872C35022A3F461007812DA /* GameController.swift in Sources */ = {isa = PBXBuildFile; fileRef = A872C34F22A3F461007812DA /* GameController.swift */; };
		A87388DA22AD51A700762B41 /* RakipBilgileriAl.swift in Sources */ = {isa = PBXBuildFile; fileRef = A87388D922AD51A700762B41 /* RakipBilgileriAl.swift */; };
		A87388DC22AD521D00762B41 /* Rakip.swift in Sources */ = {isa = PBXBuildFile; fileRef = A87388DB22AD521D00762B41 /* Rakip.swift */; };
		A884185A22834AE9000B8F12 /* GirisYapController.swift in Sources */ = {isa = PBXBuildFile; fileRef = A884185922834AE9000B8F12 /* GirisYapController.swift */; };
		A884185C22836FB9000B8F12 /* ProfilController.swift in Sources */ = {isa = PBXBuildFile; fileRef = A884185B22836FB9000B8F12 /* ProfilController.swift */; };
		A8ABBBA422B262880092DEB6 /* Kullanicilar.swift in Sources */ = {isa = PBXBuildFile; fileRef = A8ABBBA322B262880092DEB6 /* Kullanicilar.swift */; };
		A8ABBBA622B26F9D0092DEB6 /* BilgileriAl.swift in Sources */ = {isa = PBXBuildFile; fileRef = A8ABBBA522B26F9D0092DEB6 /* BilgileriAl.swift */; };
		A8ABBBA822B270E20092DEB6 /* EkranGecis.swift in Sources */ = {isa = PBXBuildFile; fileRef = A8ABBBA722B270E20092DEB6 /* EkranGecis.swift */; };
		A8ABBBAA22B272D10092DEB6 /* TabBarGecis.swift in Sources */ = {isa = PBXBuildFile; fileRef = A8ABBBA922B272D10092DEB6 /* TabBarGecis.swift */; };
		A8ABBBAC22B2805D0092DEB6 /* Game.swift in Sources */ = {isa = PBXBuildFile; fileRef = A8ABBBAB22B2805D0092DEB6 /* Game.swift */; };
		A8ABBBB522B283130092DEB6 /* RefGetir.swift in Sources */ = {isa = PBXBuildFile; fileRef = A8ABBBB422B283130092DEB6 /* RefGetir.swift */; };
		A8C23C85229E8B650019B399 /* KelimeKontrol.swift in Sources */ = {isa = PBXBuildFile; fileRef = A8C23C84229E8B650019B399 /* KelimeKontrol.swift */; };
/* End PBXBuildFile section */

/* Begin PBXFileReference section */
		0ACCE526A7CA8ED065B56DB2 /* Pods-WordWar.debug.xcconfig */ = {isa = PBXFileReference; includeInIndex = 1; lastKnownFileType = text.xcconfig; name = "Pods-WordWar.debug.xcconfig"; path = "Target Support Files/Pods-WordWar/Pods-WordWar.debug.xcconfig"; sourceTree = "<group>"; };
		9E79AA41AD5E8CDC96C6F253 /* Pods-WordWar.release.xcconfig */ = {isa = PBXFileReference; includeInIndex = 1; lastKnownFileType = text.xcconfig; name = "Pods-WordWar.release.xcconfig"; path = "Target Support Files/Pods-WordWar/Pods-WordWar.release.xcconfig"; sourceTree = "<group>"; };
		A816E6022278D9DD00C87769 /* KelimeDenemeController.swift */ = {isa = PBXFileReference; lastKnownFileType = sourcecode.swift; path = KelimeDenemeController.swift; sourceTree = "<group>"; };
		A816E6042278DB9300C87769 /* KayitOlController.swift */ = {isa = PBXFileReference; lastKnownFileType = sourcecode.swift; path = KayitOlController.swift; sourceTree = "<group>"; };
		A81ACF7122A1D5BC0058160B /* User.swift */ = {isa = PBXFileReference; lastKnownFileType = sourcecode.swift; path = User.swift; sourceTree = "<group>"; };
		A81AE61822AFBF41006EF142 /* SonucController.swift */ = {isa = PBXFileReference; lastKnownFileType = sourcecode.swift; path = SonucController.swift; sourceTree = "<group>"; };
		A83267C922A28ED30067DF88 /* UserBilgileriAl.swift */ = {isa = PBXFileReference; lastKnownFileType = sourcecode.swift; path = UserBilgileriAl.swift; sourceTree = "<group>"; };
		A83267CB22A29CC60067DF88 /* RakipAraniyorController.swift */ = {isa = PBXFileReference; lastKnownFileType = sourcecode.swift; path = RakipAraniyorController.swift; sourceTree = "<group>"; };
		A83267CD22A2A3570067DF88 /* RakipBul.swift */ = {isa = PBXFileReference; lastKnownFileType = sourcecode.swift; path = RakipBul.swift; sourceTree = "<group>"; };
		A83267CF22A2A7F10067DF88 /* ArkadaslarController.swift */ = {isa = PBXFileReference; lastKnownFileType = sourcecode.swift; path = ArkadaslarController.swift; sourceTree = "<group>"; };
		A83267D122A2C2950067DF88 /* VersusController.swift */ = {isa = PBXFileReference; lastKnownFileType = sourcecode.swift; path = VersusController.swift; sourceTree = "<group>"; };
		A86AF06C2278B2A900017719 /* WordWar.app */ = {isa = PBXFileReference; explicitFileType = wrapper.application; includeInIndex = 0; path = WordWar.app; sourceTree = BUILT_PRODUCTS_DIR; };
		A86AF06F2278B2A900017719 /* AppDelegate.swift */ = {isa = PBXFileReference; lastKnownFileType = sourcecode.swift; path = AppDelegate.swift; sourceTree = "<group>"; };
		A86AF0712278B2A900017719 /* ViewController.swift */ = {isa = PBXFileReference; lastKnownFileType = sourcecode.swift; path = ViewController.swift; sourceTree = "<group>"; };
		A86AF0742278B2AA00017719 /* Base */ = {isa = PBXFileReference; lastKnownFileType = file.storyboard; name = Base; path = Base.lproj/Main.storyboard; sourceTree = "<group>"; };
		A86AF0762278B2AC00017719 /* Assets.xcassets */ = {isa = PBXFileReference; lastKnownFileType = folder.assetcatalog; path = Assets.xcassets; sourceTree = "<group>"; };
		A86AF0792278B2AC00017719 /* Base */ = {isa = PBXFileReference; lastKnownFileType = file.storyboard; name = Base; path = Base.lproj/LaunchScreen.storyboard; sourceTree = "<group>"; };
		A86AF07B2278B2AC00017719 /* Info.plist */ = {isa = PBXFileReference; lastKnownFileType = text.plist.xml; path = Info.plist; sourceTree = "<group>"; };
		A86AF0812278C15700017719 /* GoogleService-Info.plist */ = {isa = PBXFileReference; fileEncoding = 4; lastKnownFileType = text.plist.xml; path = "GoogleService-Info.plist"; sourceTree = "<group>"; };
		A872BAED22B14FB400726E45 /* KOSonucController.swift */ = {isa = PBXFileReference; lastKnownFileType = sourcecode.swift; path = KOSonucController.swift; sourceTree = "<group>"; };
		A872C34F22A3F461007812DA /* GameController.swift */ = {isa = PBXFileReference; lastKnownFileType = sourcecode.swift; path = GameController.swift; sourceTree = "<group>"; };
		A87388D922AD51A700762B41 /* RakipBilgileriAl.swift */ = {isa = PBXFileReference; lastKnownFileType = sourcecode.swift; path = RakipBilgileriAl.swift; sourceTree = "<group>"; };
		A87388DB22AD521D00762B41 /* Rakip.swift */ = {isa = PBXFileReference; lastKnownFileType = sourcecode.swift; path = Rakip.swift; sourceTree = "<group>"; };
		A884185922834AE9000B8F12 /* GirisYapController.swift */ = {isa = PBXFileReference; lastKnownFileType = sourcecode.swift; path = GirisYapController.swift; sourceTree = "<group>"; };
		A884185B22836FB9000B8F12 /* ProfilController.swift */ = {isa = PBXFileReference; lastKnownFileType = sourcecode.swift; path = ProfilController.swift; sourceTree = "<group>"; };
		A8ABBBA322B262880092DEB6 /* Kullanicilar.swift */ = {isa = PBXFileReference; lastKnownFileType = sourcecode.swift; path = Kullanicilar.swift; sourceTree = "<group>"; };
		A8ABBBA522B26F9D0092DEB6 /* BilgileriAl.swift */ = {isa = PBXFileReference; lastKnownFileType = sourcecode.swift; path = BilgileriAl.swift; sourceTree = "<group>"; };
		A8ABBBA722B270E20092DEB6 /* EkranGecis.swift */ = {isa = PBXFileReference; lastKnownFileType = sourcecode.swift; path = EkranGecis.swift; sourceTree = "<group>"; };
		A8ABBBA922B272D10092DEB6 /* TabBarGecis.swift */ = {isa = PBXFileReference; lastKnownFileType = sourcecode.swift; path = TabBarGecis.swift; sourceTree = "<group>"; };
		A8ABBBAB22B2805D0092DEB6 /* Game.swift */ = {isa = PBXFileReference; lastKnownFileType = sourcecode.swift; path = Game.swift; sourceTree = "<group>"; };
		A8ABBBB422B283130092DEB6 /* RefGetir.swift */ = {isa = PBXFileReference; lastKnownFileType = sourcecode.swift; path = RefGetir.swift; sourceTree = "<group>"; };
		A8C23C84229E8B650019B399 /* KelimeKontrol.swift */ = {isa = PBXFileReference; lastKnownFileType = sourcecode.swift; path = KelimeKontrol.swift; sourceTree = "<group>"; };
		C36738D78828CCDF7AB81985 /* Pods_WordWar.framework */ = {isa = PBXFileReference; explicitFileType = wrapper.framework; includeInIndex = 0; path = Pods_WordWar.framework; sourceTree = BUILT_PRODUCTS_DIR; };
/* End PBXFileReference section */

/* Begin PBXFrameworksBuildPhase section */
		A86AF0692278B2A900017719 /* Frameworks */ = {
			isa = PBXFrameworksBuildPhase;
			buildActionMask = 2147483647;
			files = (
				2E6626299F480312168A6D97 /* Pods_WordWar.framework in Frameworks */,
			);
			runOnlyForDeploymentPostprocessing = 0;
		};
/* End PBXFrameworksBuildPhase section */

/* Begin PBXGroup section */
		7001F13FA93B74C69461747A /* Pods */ = {
			isa = PBXGroup;
			children = (
				0ACCE526A7CA8ED065B56DB2 /* Pods-WordWar.debug.xcconfig */,
				9E79AA41AD5E8CDC96C6F253 /* Pods-WordWar.release.xcconfig */,
			);
			path = Pods;
			sourceTree = "<group>";
		};
		87CDAACE69BC496EBB642A20 /* Frameworks */ = {
			isa = PBXGroup;
			children = (
				C36738D78828CCDF7AB81985 /* Pods_WordWar.framework */,
			);
			name = Frameworks;
			sourceTree = "<group>";
		};
		A86AF0632278B2A900017719 = {
			isa = PBXGroup;
			children = (
				A86AF06E2278B2A900017719 /* WordWar */,
				A86AF06D2278B2A900017719 /* Products */,
				7001F13FA93B74C69461747A /* Pods */,
				87CDAACE69BC496EBB642A20 /* Frameworks */,
			);
			sourceTree = "<group>";
		};
		A86AF06D2278B2A900017719 /* Products */ = {
			isa = PBXGroup;
			children = (
				A86AF06C2278B2A900017719 /* WordWar.app */,
			);
			name = Products;
			sourceTree = "<group>";
		};
		A86AF06E2278B2A900017719 /* WordWar */ = {
			isa = PBXGroup;
			children = (
				A8ABBBAD22B281670092DEB6 /* Kullanicilar */,
				A8ABBBB122B282210092DEB6 /* Game */,
				A8ABBBB022B281CD0092DEB6 /* Controller */,
				A8ABBBAF22B281B30092DEB6 /* EkranGecisleri */,
				A8ABBBAE22B2818E0092DEB6 /* BilgileriAl */,
				A86AF06F2278B2A900017719 /* AppDelegate.swift */,
				A86AF0732278B2AA00017719 /* Main.storyboard */,
				A86AF0762278B2AC00017719 /* Assets.xcassets */,
				A86AF0782278B2AC00017719 /* LaunchScreen.storyboard */,
				A86AF07B2278B2AC00017719 /* Info.plist */,
				A86AF0812278C15700017719 /* GoogleService-Info.plist */,
				A8ABBBB422B283130092DEB6 /* RefGetir.swift */,
			);
			path = WordWar;
			sourceTree = "<group>";
		};
		A8ABBBAD22B281670092DEB6 /* Kullanicilar */ = {
			isa = PBXGroup;
			children = (
				A8ABBBA322B262880092DEB6 /* Kullanicilar.swift */,
				A87388DB22AD521D00762B41 /* Rakip.swift */,
				A81ACF7122A1D5BC0058160B /* User.swift */,
			);
			path = Kullanicilar;
			sourceTree = "<group>";
		};
		A8ABBBAE22B2818E0092DEB6 /* BilgileriAl */ = {
			isa = PBXGroup;
			children = (
				A8ABBBA522B26F9D0092DEB6 /* BilgileriAl.swift */,
				A83267C922A28ED30067DF88 /* UserBilgileriAl.swift */,
				A87388D922AD51A700762B41 /* RakipBilgileriAl.swift */,
			);
			path = BilgileriAl;
			sourceTree = "<group>";
		};
		A8ABBBAF22B281B30092DEB6 /* EkranGecisleri */ = {
			isa = PBXGroup;
			children = (
				A8ABBBA922B272D10092DEB6 /* TabBarGecis.swift */,
				A8ABBBA722B270E20092DEB6 /* EkranGecis.swift */,
			);
			path = EkranGecisleri;
			sourceTree = "<group>";
		};
		A8ABBBB022B281CD0092DEB6 /* Controller */ = {
			isa = PBXGroup;
			children = (
				A86AF0712278B2A900017719 /* ViewController.swift */,
				A816E6022278D9DD00C87769 /* KelimeDenemeController.swift */,
				A872C34F22A3F461007812DA /* GameController.swift */,
				A83267CB22A29CC60067DF88 /* RakipAraniyorController.swift */,
				A884185B22836FB9000B8F12 /* ProfilController.swift */,
				A872BAED22B14FB400726E45 /* KOSonucController.swift */,
				A83267CF22A2A7F10067DF88 /* ArkadaslarController.swift */,
				A81AE61822AFBF41006EF142 /* SonucController.swift */,
				A884185922834AE9000B8F12 /* GirisYapController.swift */,
				A83267D122A2C2950067DF88 /* VersusController.swift */,
				A816E6042278DB9300C87769 /* KayitOlController.swift */,
			);
			path = Controller;
			sourceTree = "<group>";
		};
		A8ABBBB122B282210092DEB6 /* Game */ = {
			isa = PBXGroup;
			children = (
				A8ABBBAB22B2805D0092DEB6 /* Game.swift */,
				A83267CD22A2A3570067DF88 /* RakipBul.swift */,
				A8C23C84229E8B650019B399 /* KelimeKontrol.swift */,
			);
			path = Game;
			sourceTree = "<group>";
		};
/* End PBXGroup section */

/* Begin PBXNativeTarget section */
		A86AF06B2278B2A900017719 /* WordWar */ = {
			isa = PBXNativeTarget;
			buildConfigurationList = A86AF07E2278B2AC00017719 /* Build configuration list for PBXNativeTarget "WordWar" */;
			buildPhases = (
				0106DD20F25255237E9D1DA8 /* [CP] Check Pods Manifest.lock */,
				A86AF0682278B2A900017719 /* Sources */,
				A86AF0692278B2A900017719 /* Frameworks */,
				A86AF06A2278B2A900017719 /* Resources */,
				905B85992FB749F3545C0115 /* [CP] Embed Pods Frameworks */,
			);
			buildRules = (
			);
			dependencies = (
			);
			name = WordWar;
			productName = WordWar;
			productReference = A86AF06C2278B2A900017719 /* WordWar.app */;
			productType = "com.apple.product-type.application";
		};
/* End PBXNativeTarget section */

/* Begin PBXProject section */
		A86AF0642278B2A900017719 /* Project object */ = {
			isa = PBXProject;
			attributes = {
				LastSwiftUpdateCheck = 1010;
				LastUpgradeCheck = 1010;
				ORGANIZATIONNAME = "Ömer Köroğlu";
				TargetAttributes = {
					A86AF06B2278B2A900017719 = {
						CreatedOnToolsVersion = 10.1;
					};
				};
			};
			buildConfigurationList = A86AF0672278B2A900017719 /* Build configuration list for PBXProject "WordWar" */;
			compatibilityVersion = "Xcode 9.3";
			developmentRegion = en;
			hasScannedForEncodings = 0;
			knownRegions = (
				en,
				Base,
			);
			mainGroup = A86AF0632278B2A900017719;
			productRefGroup = A86AF06D2278B2A900017719 /* Products */;
			projectDirPath = "";
			projectRoot = "";
			targets = (
				A86AF06B2278B2A900017719 /* WordWar */,
			);
		};
/* End PBXProject section */

/* Begin PBXResourcesBuildPhase section */
		A86AF06A2278B2A900017719 /* Resources */ = {
			isa = PBXResourcesBuildPhase;
			buildActionMask = 2147483647;
			files = (
				A86AF07A2278B2AC00017719 /* LaunchScreen.storyboard in Resources */,
				A86AF0822278C15700017719 /* GoogleService-Info.plist in Resources */,
				A86AF0772278B2AC00017719 /* Assets.xcassets in Resources */,
				A86AF0752278B2AA00017719 /* Main.storyboard in Resources */,
			);
			runOnlyForDeploymentPostprocessing = 0;
		};
/* End PBXResourcesBuildPhase section */

/* Begin PBXShellScriptBuildPhase section */
		0106DD20F25255237E9D1DA8 /* [CP] Check Pods Manifest.lock */ = {
			isa = PBXShellScriptBuildPhase;
			buildActionMask = 2147483647;
			files = (
			);
			inputFileListPaths = (
			);
			inputPaths = (
				"${PODS_PODFILE_DIR_PATH}/Podfile.lock",
				"${PODS_ROOT}/Manifest.lock",
			);
			name = "[CP] Check Pods Manifest.lock";
			outputFileListPaths = (
			);
			outputPaths = (
				"$(DERIVED_FILE_DIR)/Pods-WordWar-checkManifestLockResult.txt",
			);
			runOnlyForDeploymentPostprocessing = 0;
			shellPath = /bin/sh;
			shellScript = "diff \"${PODS_PODFILE_DIR_PATH}/Podfile.lock\" \"${PODS_ROOT}/Manifest.lock\" > /dev/null\nif [ $? != 0 ] ; then\n    # print error to STDERR\n    echo \"error: The sandbox is not in sync with the Podfile.lock. Run 'pod install' or update your CocoaPods installation.\" >&2\n    exit 1\nfi\n# This output is used by Xcode 'outputs' to avoid re-running this script phase.\necho \"SUCCESS\" > \"${SCRIPT_OUTPUT_FILE_0}\"\n";
			showEnvVarsInLog = 0;
		};
		905B85992FB749F3545C0115 /* [CP] Embed Pods Frameworks */ = {
			isa = PBXShellScriptBuildPhase;
			buildActionMask = 2147483647;
			files = (
			);
			inputFileListPaths = (
			);
			inputPaths = (
				"${PODS_ROOT}/Target Support Files/Pods-WordWar/Pods-WordWar-frameworks.sh",
				"${BUILT_PRODUCTS_DIR}/GTMSessionFetcher/GTMSessionFetcher.framework",
				"${BUILT_PRODUCTS_DIR}/GoogleUtilities/GoogleUtilities.framework",
				"${BUILT_PRODUCTS_DIR}/leveldb-library/leveldb.framework",
				"${BUILT_PRODUCTS_DIR}/nanopb/nanopb.framework",
			);
			name = "[CP] Embed Pods Frameworks";
			outputFileListPaths = (
			);
			outputPaths = (
				"${TARGET_BUILD_DIR}/${FRAMEWORKS_FOLDER_PATH}/GTMSessionFetcher.framework",
				"${TARGET_BUILD_DIR}/${FRAMEWORKS_FOLDER_PATH}/GoogleUtilities.framework",
				"${TARGET_BUILD_DIR}/${FRAMEWORKS_FOLDER_PATH}/leveldb.framework",
				"${TARGET_BUILD_DIR}/${FRAMEWORKS_FOLDER_PATH}/nanopb.framework",
			);
			runOnlyForDeploymentPostprocessing = 0;
			shellPath = /bin/sh;
			shellScript = "\"${PODS_ROOT}/Target Support Files/Pods-WordWar/Pods-WordWar-frameworks.sh\"\n";
			showEnvVarsInLog = 0;
		};
/* End PBXShellScriptBuildPhase section */

/* Begin PBXSourcesBuildPhase section */
		A86AF0682278B2A900017719 /* Sources */ = {
			isa = PBXSourcesBuildPhase;
			buildActionMask = 2147483647;
			files = (
				A87388DA22AD51A700762B41 /* RakipBilgileriAl.swift in Sources */,
				A816E6032278D9DD00C87769 /* KelimeDenemeController.swift in Sources */,
				A872BAEE22B14FB400726E45 /* KOSonucController.swift in Sources */,
				A884185C22836FB9000B8F12 /* ProfilController.swift in Sources */,
				A8ABBBB522B283130092DEB6 /* RefGetir.swift in Sources */,
				A8ABBBA622B26F9D0092DEB6 /* BilgileriAl.swift in Sources */,
				A83267CC22A29CC60067DF88 /* RakipAraniyorController.swift in Sources */,
				A8C23C85229E8B650019B399 /* KelimeKontrol.swift in Sources */,
				A8ABBBA822B270E20092DEB6 /* EkranGecis.swift in Sources */,
				A86AF0722278B2A900017719 /* ViewController.swift in Sources */,
				A8ABBBA422B262880092DEB6 /* Kullanicilar.swift in Sources */,
				A83267CA22A28ED30067DF88 /* UserBilgileriAl.swift in Sources */,
				A83267CE22A2A3570067DF88 /* RakipBul.swift in Sources */,
				A83267D222A2C2950067DF88 /* VersusController.swift in Sources */,
				A8ABBBAA22B272D10092DEB6 /* TabBarGecis.swift in Sources */,
				A81AE61922AFBF41006EF142 /* SonucController.swift in Sources */,
				A81ACF7222A1D5BC0058160B /* User.swift in Sources */,
				A86AF0702278B2A900017719 /* AppDelegate.swift in Sources */,
				A884185A22834AE9000B8F12 /* GirisYapController.swift in Sources */,
				A816E6052278DB9300C87769 /* KayitOlController.swift in Sources */,
				A87388DC22AD521D00762B41 /* Rakip.swift in Sources */,
				A83267D022A2A7F10067DF88 /* ArkadaslarController.swift in Sources */,
				A872C35022A3F461007812DA /* GameController.swift in Sources */,
				A8ABBBAC22B2805D0092DEB6 /* Game.swift in Sources */,
			);
			runOnlyForDeploymentPostprocessing = 0;
		};
/* End PBXSourcesBuildPhase section */

/* Begin PBXVariantGroup section */
		A86AF0732278B2AA00017719 /* Main.storyboard */ = {
			isa = PBXVariantGroup;
			children = (
				A86AF0742278B2AA00017719 /* Base */,
			);
			name = Main.storyboard;
			sourceTree = "<group>";
		};
		A86AF0782278B2AC00017719 /* LaunchScreen.storyboard */ = {
			isa = PBXVariantGroup;
			children = (
				A86AF0792278B2AC00017719 /* Base */,
			);
			name = LaunchScreen.storyboard;
			sourceTree = "<group>";
		};
/* End PBXVariantGroup section */

/* Begin XCBuildConfiguration section */
		A86AF07C2278B2AC00017719 /* Debug */ = {
			isa = XCBuildConfiguration;
			buildSettings = {
				ALWAYS_SEARCH_USER_PATHS = NO;
				CLANG_ANALYZER_NONNULL = YES;
				CLANG_ANALYZER_NUMBER_OBJECT_CONVERSION = YES_AGGRESSIVE;
				CLANG_CXX_LANGUAGE_STANDARD = "gnu++14";
				CLANG_CXX_LIBRARY = "libc++";
				CLANG_ENABLE_MODULES = YES;
				CLANG_ENABLE_OBJC_ARC = YES;
				CLANG_ENABLE_OBJC_WEAK = YES;
				CLANG_WARN_BLOCK_CAPTURE_AUTORELEASING = YES;
				CLANG_WARN_BOOL_CONVERSION = YES;
				CLANG_WARN_COMMA = YES;
				CLANG_WARN_CONSTANT_CONVERSION = YES;
				CLANG_WARN_DEPRECATED_OBJC_IMPLEMENTATIONS = YES;
				CLANG_WARN_DIRECT_OBJC_ISA_USAGE = YES_ERROR;
				CLANG_WARN_DOCUMENTATION_COMMENTS = YES;
				CLANG_WARN_EMPTY_BODY = YES;
				CLANG_WARN_ENUM_CONVERSION = YES;
				CLANG_WARN_INFINITE_RECURSION = YES;
				CLANG_WARN_INT_CONVERSION = YES;
				CLANG_WARN_NON_LITERAL_NULL_CONVERSION = YES;
				CLANG_WARN_OBJC_IMPLICIT_RETAIN_SELF = YES;
				CLANG_WARN_OBJC_LITERAL_CONVERSION = YES;
				CLANG_WARN_OBJC_ROOT_CLASS = YES_ERROR;
				CLANG_WARN_RANGE_LOOP_ANALYSIS = YES;
				CLANG_WARN_STRICT_PROTOTYPES = YES;
				CLANG_WARN_SUSPICIOUS_MOVE = YES;
				CLANG_WARN_UNGUARDED_AVAILABILITY = YES_AGGRESSIVE;
				CLANG_WARN_UNREACHABLE_CODE = YES;
				CLANG_WARN__DUPLICATE_METHOD_MATCH = YES;
				CODE_SIGN_IDENTITY = "iPhone Developer";
				COPY_PHASE_STRIP = NO;
				DEBUG_INFORMATION_FORMAT = dwarf;
				ENABLE_STRICT_OBJC_MSGSEND = YES;
				ENABLE_TESTABILITY = YES;
				GCC_C_LANGUAGE_STANDARD = gnu11;
				GCC_DYNAMIC_NO_PIC = NO;
				GCC_NO_COMMON_BLOCKS = YES;
				GCC_OPTIMIZATION_LEVEL = 0;
				GCC_PREPROCESSOR_DEFINITIONS = (
					"DEBUG=1",
					"$(inherited)",
				);
				GCC_WARN_64_TO_32_BIT_CONVERSION = YES;
				GCC_WARN_ABOUT_RETURN_TYPE = YES_ERROR;
				GCC_WARN_UNDECLARED_SELECTOR = YES;
				GCC_WARN_UNINITIALIZED_AUTOS = YES_AGGRESSIVE;
				GCC_WARN_UNUSED_FUNCTION = YES;
				GCC_WARN_UNUSED_VARIABLE = YES;
				IPHONEOS_DEPLOYMENT_TARGET = 12.1;
				MTL_ENABLE_DEBUG_INFO = INCLUDE_SOURCE;
				MTL_FAST_MATH = YES;
				ONLY_ACTIVE_ARCH = YES;
				SDKROOT = iphoneos;
				SWIFT_ACTIVE_COMPILATION_CONDITIONS = DEBUG;
				SWIFT_OPTIMIZATION_LEVEL = "-Onone";
			};
			name = Debug;
		};
		A86AF07D2278B2AC00017719 /* Release */ = {
			isa = XCBuildConfiguration;
			buildSettings = {
				ALWAYS_SEARCH_USER_PATHS = NO;
				CLANG_ANALYZER_NONNULL = YES;
				CLANG_ANALYZER_NUMBER_OBJECT_CONVERSION = YES_AGGRESSIVE;
				CLANG_CXX_LANGUAGE_STANDARD = "gnu++14";
				CLANG_CXX_LIBRARY = "libc++";
				CLANG_ENABLE_MODULES = YES;
				CLANG_ENABLE_OBJC_ARC = YES;
				CLANG_ENABLE_OBJC_WEAK = YES;
				CLANG_WARN_BLOCK_CAPTURE_AUTORELEASING = YES;
				CLANG_WARN_BOOL_CONVERSION = YES;
				CLANG_WARN_COMMA = YES;
				CLANG_WARN_CONSTANT_CONVERSION = YES;
				CLANG_WARN_DEPRECATED_OBJC_IMPLEMENTATIONS = YES;
				CLANG_WARN_DIRECT_OBJC_ISA_USAGE = YES_ERROR;
				CLANG_WARN_DOCUMENTATION_COMMENTS = YES;
				CLANG_WARN_EMPTY_BODY = YES;
				CLANG_WARN_ENUM_CONVERSION = YES;
				CLANG_WARN_INFINITE_RECURSION = YES;
				CLANG_WARN_INT_CONVERSION = YES;
				CLANG_WARN_NON_LITERAL_NULL_CONVERSION = YES;
				CLANG_WARN_OBJC_IMPLICIT_RETAIN_SELF = YES;
				CLANG_WARN_OBJC_LITERAL_CONVERSION = YES;
				CLANG_WARN_OBJC_ROOT_CLASS = YES_ERROR;
				CLANG_WARN_RANGE_LOOP_ANALYSIS = YES;
				CLANG_WARN_STRICT_PROTOTYPES = YES;
				CLANG_WARN_SUSPICIOUS_MOVE = YES;
				CLANG_WARN_UNGUARDED_AVAILABILITY = YES_AGGRESSIVE;
				CLANG_WARN_UNREACHABLE_CODE = YES;
				CLANG_WARN__DUPLICATE_METHOD_MATCH = YES;
				CODE_SIGN_IDENTITY = "iPhone Developer";
				COPY_PHASE_STRIP = NO;
				DEBUG_INFORMATION_FORMAT = "dwarf-with-dsym";
				ENABLE_NS_ASSERTIONS = NO;
				ENABLE_STRICT_OBJC_MSGSEND = YES;
				GCC_C_LANGUAGE_STANDARD = gnu11;
				GCC_NO_COMMON_BLOCKS = YES;
				GCC_WARN_64_TO_32_BIT_CONVERSION = YES;
				GCC_WARN_ABOUT_RETURN_TYPE = YES_ERROR;
				GCC_WARN_UNDECLARED_SELECTOR = YES;
				GCC_WARN_UNINITIALIZED_AUTOS = YES_AGGRESSIVE;
				GCC_WARN_UNUSED_FUNCTION = YES;
				GCC_WARN_UNUSED_VARIABLE = YES;
				IPHONEOS_DEPLOYMENT_TARGET = 12.1;
				MTL_ENABLE_DEBUG_INFO = NO;
				MTL_FAST_MATH = YES;
				SDKROOT = iphoneos;
				SWIFT_COMPILATION_MODE = wholemodule;
				SWIFT_OPTIMIZATION_LEVEL = "-O";
				VALIDATE_PRODUCT = YES;
			};
			name = Release;
		};
		A86AF07F2278B2AC00017719 /* Debug */ = {
			isa = XCBuildConfiguration;
			baseConfigurationReference = 0ACCE526A7CA8ED065B56DB2 /* Pods-WordWar.debug.xcconfig */;
			buildSettings = {
				ASSETCATALOG_COMPILER_APPICON_NAME = AppIcon;
				CODE_SIGN_STYLE = Automatic;
				INFOPLIST_FILE = WordWar/Info.plist;
				LD_RUNPATH_SEARCH_PATHS = (
					"$(inherited)",
					"@executable_path/Frameworks",
				);
				PRODUCT_BUNDLE_IDENTIFIER = com.omer.WordWar;
				PRODUCT_NAME = "$(TARGET_NAME)";
				SWIFT_VERSION = 4.2;
				TARGETED_DEVICE_FAMILY = "1,2";
			};
			name = Debug;
		};
		A86AF0802278B2AC00017719 /* Release */ = {
			isa = XCBuildConfiguration;
			baseConfigurationReference = 9E79AA41AD5E8CDC96C6F253 /* Pods-WordWar.release.xcconfig */;
			buildSettings = {
				ASSETCATALOG_COMPILER_APPICON_NAME = AppIcon;
				CODE_SIGN_STYLE = Automatic;
				INFOPLIST_FILE = WordWar/Info.plist;
				LD_RUNPATH_SEARCH_PATHS = (
					"$(inherited)",
					"@executable_path/Frameworks",
				);
				PRODUCT_BUNDLE_IDENTIFIER = com.omer.WordWar;
				PRODUCT_NAME = "$(TARGET_NAME)";
				SWIFT_VERSION = 4.2;
				TARGETED_DEVICE_FAMILY = "1,2";
			};
			name = Release;
		};
/* End XCBuildConfiguration section */

/* Begin XCConfigurationList section */
		A86AF0672278B2A900017719 /* Build configuration list for PBXProject "WordWar" */ = {
			isa = XCConfigurationList;
			buildConfigurations = (
				A86AF07C2278B2AC00017719 /* Debug */,
				A86AF07D2278B2AC00017719 /* Release */,
			);
			defaultConfigurationIsVisible = 0;
			defaultConfigurationName = Release;
		};
		A86AF07E2278B2AC00017719 /* Build configuration list for PBXNativeTarget "WordWar" */ = {
			isa = XCConfigurationList;
			buildConfigurations = (
				A86AF07F2278B2AC00017719 /* Debug */,
				A86AF0802278B2AC00017719 /* Release */,
			);
			defaultConfigurationIsVisible = 0;
			defaultConfigurationName = Release;
		};
/* End XCConfigurationList section */
	};
	rootObject = A86AF0642278B2A900017719 /* Project object */;
}
